// !$*UTF8*$!
{
	archiveVersion = 1;
	classes = {
	};
	objectVersion = 56;
	objects = {

/* Begin PBXBuildFile section */
		B5931ADC2B7E62B400A3FD15 /* RickAndMorty_ExplorerApp.swift in Sources */ = {isa = PBXBuildFile; fileRef = B5931ADB2B7E62B400A3FD15 /* RickAndMorty_ExplorerApp.swift */; };
		B5931ADE2B7E62B400A3FD15 /* CharacterListView.swift in Sources */ = {isa = PBXBuildFile; fileRef = B5931ADD2B7E62B400A3FD15 /* CharacterListView.swift */; };
		B5931AE02B7E62B700A3FD15 /* Assets.xcassets in Resources */ = {isa = PBXBuildFile; fileRef = B5931ADF2B7E62B700A3FD15 /* Assets.xcassets */; };
		B5931AE32B7E62B700A3FD15 /* Preview Assets.xcassets in Resources */ = {isa = PBXBuildFile; fileRef = B5931AE22B7E62B700A3FD15 /* Preview Assets.xcassets */; };
		B5931AEA2B7E633E00A3FD15 /* CharacterDetailView.swift in Sources */ = {isa = PBXBuildFile; fileRef = B5931AE92B7E633E00A3FD15 /* CharacterDetailView.swift */; };
		B5931AEC2B7E634D00A3FD15 /* EpisodeDetailView.swift in Sources */ = {isa = PBXBuildFile; fileRef = B5931AEB2B7E634D00A3FD15 /* EpisodeDetailView.swift */; };
		B5931AEE2B7E637D00A3FD15 /* CharacterResponse.swift in Sources */ = {isa = PBXBuildFile; fileRef = B5931AED2B7E637D00A3FD15 /* CharacterResponse.swift */; };
		B5931AF02B7E639400A3FD15 /* CharacterModel.swift in Sources */ = {isa = PBXBuildFile; fileRef = B5931AEF2B7E639400A3FD15 /* CharacterModel.swift */; };
		B5931AF52B7EA0E300A3FD15 /* Episode.swift in Sources */ = {isa = PBXBuildFile; fileRef = B5931AF42B7EA0E300A3FD15 /* Episode.swift */; };
		B5931AF72B7EA3F900A3FD15 /* EpisodeModel.swift in Sources */ = {isa = PBXBuildFile; fileRef = B5931AF62B7EA3F900A3FD15 /* EpisodeModel.swift */; };
		B5931AFA2B7EA43200A3FD15 /* RickAndMortyDataService.swift in Sources */ = {isa = PBXBuildFile; fileRef = B5931AF92B7EA43200A3FD15 /* RickAndMortyDataService.swift */; };
		B5B210AB2B7F9B2F00D2F984 /* CustomButtonStyle.swift in Sources */ = {isa = PBXBuildFile; fileRef = B5B210AA2B7F9B2F00D2F984 /* CustomButtonStyle.swift */; };
		B5B210B52B80A3CE00D2F984 /* RickAndMorty_ExplorerTests.swift in Sources */ = {isa = PBXBuildFile; fileRef = B5B210B42B80A3CE00D2F984 /* RickAndMorty_ExplorerTests.swift */; };
		B5B210BC2B80E73000D2F984 /* CustomCardView.swift in Sources */ = {isa = PBXBuildFile; fileRef = B5B210BB2B80E73000D2F984 /* CustomCardView.swift */; };
/* End PBXBuildFile section */

/* Begin PBXContainerItemProxy section */
		B5B210B62B80A3CE00D2F984 /* PBXContainerItemProxy */ = {
			isa = PBXContainerItemProxy;
			containerPortal = B5931AD02B7E62B400A3FD15 /* Project object */;
			proxyType = 1;
			remoteGlobalIDString = B5931AD72B7E62B400A3FD15;
			remoteInfo = RickAndMorty_Explorer;
		};
/* End PBXContainerItemProxy section */

/* Begin PBXFileReference section */
		B5931AD82B7E62B400A3FD15 /* RickAndMorty_Explorer.app */ = {isa = PBXFileReference; explicitFileType = wrapper.application; includeInIndex = 0; path = RickAndMorty_Explorer.app; sourceTree = BUILT_PRODUCTS_DIR; };
		B5931ADB2B7E62B400A3FD15 /* RickAndMorty_ExplorerApp.swift */ = {isa = PBXFileReference; lastKnownFileType = sourcecode.swift; path = RickAndMorty_ExplorerApp.swift; sourceTree = "<group>"; };
		B5931ADD2B7E62B400A3FD15 /* CharacterListView.swift */ = {isa = PBXFileReference; lastKnownFileType = sourcecode.swift; path = CharacterListView.swift; sourceTree = "<group>"; };
		B5931ADF2B7E62B700A3FD15 /* Assets.xcassets */ = {isa = PBXFileReference; lastKnownFileType = folder.assetcatalog; path = Assets.xcassets; sourceTree = "<group>"; };
		B5931AE22B7E62B700A3FD15 /* Preview Assets.xcassets */ = {isa = PBXFileReference; lastKnownFileType = folder.assetcatalog; path = "Preview Assets.xcassets"; sourceTree = "<group>"; };
		B5931AE92B7E633E00A3FD15 /* CharacterDetailView.swift */ = {isa = PBXFileReference; lastKnownFileType = sourcecode.swift; path = CharacterDetailView.swift; sourceTree = "<group>"; };
		B5931AEB2B7E634D00A3FD15 /* EpisodeDetailView.swift */ = {isa = PBXFileReference; lastKnownFileType = sourcecode.swift; path = EpisodeDetailView.swift; sourceTree = "<group>"; };
		B5931AED2B7E637D00A3FD15 /* CharacterResponse.swift */ = {isa = PBXFileReference; lastKnownFileType = sourcecode.swift; path = CharacterResponse.swift; sourceTree = "<group>"; };
		B5931AEF2B7E639400A3FD15 /* CharacterModel.swift */ = {isa = PBXFileReference; lastKnownFileType = sourcecode.swift; path = CharacterModel.swift; sourceTree = "<group>"; };
		B5931AF42B7EA0E300A3FD15 /* Episode.swift */ = {isa = PBXFileReference; lastKnownFileType = sourcecode.swift; path = Episode.swift; sourceTree = "<group>"; };
		B5931AF62B7EA3F900A3FD15 /* EpisodeModel.swift */ = {isa = PBXFileReference; lastKnownFileType = sourcecode.swift; path = EpisodeModel.swift; sourceTree = "<group>"; };
		B5931AF92B7EA43200A3FD15 /* RickAndMortyDataService.swift */ = {isa = PBXFileReference; lastKnownFileType = sourcecode.swift; path = RickAndMortyDataService.swift; sourceTree = "<group>"; };
		B5B210AA2B7F9B2F00D2F984 /* CustomButtonStyle.swift */ = {isa = PBXFileReference; lastKnownFileType = sourcecode.swift; path = CustomButtonStyle.swift; sourceTree = "<group>"; };
		B5B210B22B80A3CE00D2F984 /* RickAndMorty_ExplorerTests.xctest */ = {isa = PBXFileReference; explicitFileType = wrapper.cfbundle; includeInIndex = 0; path = RickAndMorty_ExplorerTests.xctest; sourceTree = BUILT_PRODUCTS_DIR; };
		B5B210B42B80A3CE00D2F984 /* RickAndMorty_ExplorerTests.swift */ = {isa = PBXFileReference; lastKnownFileType = sourcecode.swift; path = RickAndMorty_ExplorerTests.swift; sourceTree = "<group>"; };
		B5B210BB2B80E73000D2F984 /* CustomCardView.swift */ = {isa = PBXFileReference; lastKnownFileType = sourcecode.swift; path = CustomCardView.swift; sourceTree = "<group>"; };
/* End PBXFileReference section */

/* Begin PBXFrameworksBuildPhase section */
		B5931AD52B7E62B400A3FD15 /* Frameworks */ = {
			isa = PBXFrameworksBuildPhase;
			buildActionMask = 2147483647;
			files = (
			);
			runOnlyForDeploymentPostprocessing = 0;
		};
		B5B210AF2B80A3CE00D2F984 /* Frameworks */ = {
			isa = PBXFrameworksBuildPhase;
			buildActionMask = 2147483647;
			files = (
			);
			runOnlyForDeploymentPostprocessing = 0;
		};
/* End PBXFrameworksBuildPhase section */

/* Begin PBXGroup section */
		B5931ACF2B7E62B400A3FD15 = {
			isa = PBXGroup;
			children = (
				B5931ADA2B7E62B400A3FD15 /* RickAndMorty_Explorer */,
				B5B210B32B80A3CE00D2F984 /* RickAndMorty_ExplorerTests */,
				B5931AD92B7E62B400A3FD15 /* Products */,
			);
			sourceTree = "<group>";
		};
		B5931AD92B7E62B400A3FD15 /* Products */ = {
			isa = PBXGroup;
			children = (
				B5931AD82B7E62B400A3FD15 /* RickAndMorty_Explorer.app */,
				B5B210B22B80A3CE00D2F984 /* RickAndMorty_ExplorerTests.xctest */,
			);
			name = Products;
			sourceTree = "<group>";
		};
		B5931ADA2B7E62B400A3FD15 /* RickAndMorty_Explorer */ = {
			isa = PBXGroup;
			children = (
				B5931ADB2B7E62B400A3FD15 /* RickAndMorty_ExplorerApp.swift */,
				B5931AF12B7E642B00A3FD15 /* Views */,
				B5931AF32B7E643D00A3FD15 /* ViewModels */,
				B5931AF22B7E643400A3FD15 /* Models */,
				B5931AF82B7EA40300A3FD15 /* Services */,
				B5B210A92B7F9B0A00D2F984 /* CustomComponents */,
				B5931ADF2B7E62B700A3FD15 /* Assets.xcassets */,
				B5931AE12B7E62B700A3FD15 /* Preview Content */,
			);
			path = RickAndMorty_Explorer;
			sourceTree = "<group>";
		};
		B5931AE12B7E62B700A3FD15 /* Preview Content */ = {
			isa = PBXGroup;
			children = (
				B5931AE22B7E62B700A3FD15 /* Preview Assets.xcassets */,
			);
			path = "Preview Content";
			sourceTree = "<group>";
		};
		B5931AF12B7E642B00A3FD15 /* Views */ = {
			isa = PBXGroup;
			children = (
				B5931ADD2B7E62B400A3FD15 /* CharacterListView.swift */,
				B5931AE92B7E633E00A3FD15 /* CharacterDetailView.swift */,
				B5931AEB2B7E634D00A3FD15 /* EpisodeDetailView.swift */,
			);
			path = Views;
			sourceTree = "<group>";
		};
		B5931AF22B7E643400A3FD15 /* Models */ = {
			isa = PBXGroup;
			children = (
				B5931AED2B7E637D00A3FD15 /* CharacterResponse.swift */,
				B5931AF42B7EA0E300A3FD15 /* Episode.swift */,
			);
			path = Models;
			sourceTree = "<group>";
		};
		B5931AF32B7E643D00A3FD15 /* ViewModels */ = {
			isa = PBXGroup;
			children = (
				B5931AEF2B7E639400A3FD15 /* CharacterModel.swift */,
				B5931AF62B7EA3F900A3FD15 /* EpisodeModel.swift */,
			);
			path = ViewModels;
			sourceTree = "<group>";
		};
		B5931AF82B7EA40300A3FD15 /* Services */ = {
			isa = PBXGroup;
			children = (
				B5931AF92B7EA43200A3FD15 /* RickAndMortyDataService.swift */,
			);
			path = Services;
			sourceTree = "<group>";
		};
		B5B210A92B7F9B0A00D2F984 /* CustomComponents */ = {
			isa = PBXGroup;
			children = (
				B5B210AA2B7F9B2F00D2F984 /* CustomButtonStyle.swift */,
				B5B210BB2B80E73000D2F984 /* CustomCardView.swift */,
			);
			path = CustomComponents;
			sourceTree = "<group>";
		};
		B5B210B32B80A3CE00D2F984 /* RickAndMorty_ExplorerTests */ = {
			isa = PBXGroup;
			children = (
				B5B210B42B80A3CE00D2F984 /* RickAndMorty_ExplorerTests.swift */,
			);
			path = RickAndMorty_ExplorerTests;
			sourceTree = "<group>";
		};
/* End PBXGroup section */

/* Begin PBXNativeTarget section */
		B5931AD72B7E62B400A3FD15 /* RickAndMorty_Explorer */ = {
			isa = PBXNativeTarget;
			buildConfigurationList = B5931AE62B7E62B700A3FD15 /* Build configuration list for PBXNativeTarget "RickAndMorty_Explorer" */;
			buildPhases = (
				B5931AD42B7E62B400A3FD15 /* Sources */,
				B5931AD52B7E62B400A3FD15 /* Frameworks */,
				B5931AD62B7E62B400A3FD15 /* Resources */,
			);
			buildRules = (
			);
			dependencies = (
			);
			name = RickAndMorty_Explorer;
			productName = RickAndMorty_Explorer;
			productReference = B5931AD82B7E62B400A3FD15 /* RickAndMorty_Explorer.app */;
			productType = "com.apple.product-type.application";
		};
		B5B210B12B80A3CE00D2F984 /* RickAndMorty_ExplorerTests */ = {
			isa = PBXNativeTarget;
			buildConfigurationList = B5B210B82B80A3CE00D2F984 /* Build configuration list for PBXNativeTarget "RickAndMorty_ExplorerTests" */;
			buildPhases = (
				B5B210AE2B80A3CE00D2F984 /* Sources */,
				B5B210AF2B80A3CE00D2F984 /* Frameworks */,
				B5B210B02B80A3CE00D2F984 /* Resources */,
			);
			buildRules = (
			);
			dependencies = (
				B5B210B72B80A3CE00D2F984 /* PBXTargetDependency */,
			);
			name = RickAndMorty_ExplorerTests;
			productName = RickAndMorty_ExplorerTests;
			productReference = B5B210B22B80A3CE00D2F984 /* RickAndMorty_ExplorerTests.xctest */;
			productType = "com.apple.product-type.bundle.unit-test";
		};
/* End PBXNativeTarget section */

/* Begin PBXProject section */
		B5931AD02B7E62B400A3FD15 /* Project object */ = {
			isa = PBXProject;
			attributes = {
				BuildIndependentTargetsInParallel = 1;
				LastSwiftUpdateCheck = 1520;
				LastUpgradeCheck = 1520;
				TargetAttributes = {
					B5931AD72B7E62B400A3FD15 = {
						CreatedOnToolsVersion = 15.2;
					};
					B5B210B12B80A3CE00D2F984 = {
						CreatedOnToolsVersion = 15.2;
						TestTargetID = B5931AD72B7E62B400A3FD15;
					};
				};
			};
			buildConfigurationList = B5931AD32B7E62B400A3FD15 /* Build configuration list for PBXProject "RickAndMorty_Explorer" */;
			compatibilityVersion = "Xcode 14.0";
			developmentRegion = en;
			hasScannedForEncodings = 0;
			knownRegions = (
				en,
				Base,
			);
			mainGroup = B5931ACF2B7E62B400A3FD15;
			productRefGroup = B5931AD92B7E62B400A3FD15 /* Products */;
			projectDirPath = "";
			projectRoot = "";
			targets = (
				B5931AD72B7E62B400A3FD15 /* RickAndMorty_Explorer */,
				B5B210B12B80A3CE00D2F984 /* RickAndMorty_ExplorerTests */,
			);
		};
/* End PBXProject section */

/* Begin PBXResourcesBuildPhase section */
		B5931AD62B7E62B400A3FD15 /* Resources */ = {
			isa = PBXResourcesBuildPhase;
			buildActionMask = 2147483647;
			files = (
				B5931AE32B7E62B700A3FD15 /* Preview Assets.xcassets in Resources */,
				B5931AE02B7E62B700A3FD15 /* Assets.xcassets in Resources */,
			);
			runOnlyForDeploymentPostprocessing = 0;
		};
		B5B210B02B80A3CE00D2F984 /* Resources */ = {
			isa = PBXResourcesBuildPhase;
			buildActionMask = 2147483647;
			files = (
			);
			runOnlyForDeploymentPostprocessing = 0;
		};
/* End PBXResourcesBuildPhase section */

/* Begin PBXSourcesBuildPhase section */
		B5931AD42B7E62B400A3FD15 /* Sources */ = {
			isa = PBXSourcesBuildPhase;
			buildActionMask = 2147483647;
			files = (
				B5931AEA2B7E633E00A3FD15 /* CharacterDetailView.swift in Sources */,
				B5931AEE2B7E637D00A3FD15 /* CharacterResponse.swift in Sources */,
				B5B210AB2B7F9B2F00D2F984 /* CustomButtonStyle.swift in Sources */,
				B5931AF52B7EA0E300A3FD15 /* Episode.swift in Sources */,
				B5931AEC2B7E634D00A3FD15 /* EpisodeDetailView.swift in Sources */,
				B5931ADE2B7E62B400A3FD15 /* CharacterListView.swift in Sources */,
				B5B210BC2B80E73000D2F984 /* CustomCardView.swift in Sources */,
				B5931AF02B7E639400A3FD15 /* CharacterModel.swift in Sources */,
				B5931ADC2B7E62B400A3FD15 /* RickAndMorty_ExplorerApp.swift in Sources */,
				B5931AFA2B7EA43200A3FD15 /* RickAndMortyDataService.swift in Sources */,
				B5931AF72B7EA3F900A3FD15 /* EpisodeModel.swift in Sources */,
			);
			runOnlyForDeploymentPostprocessing = 0;
		};
		B5B210AE2B80A3CE00D2F984 /* Sources */ = {
			isa = PBXSourcesBuildPhase;
			buildActionMask = 2147483647;
			files = (
				B5B210B52B80A3CE00D2F984 /* RickAndMorty_ExplorerTests.swift in Sources */,
			);
			runOnlyForDeploymentPostprocessing = 0;
		};
/* End PBXSourcesBuildPhase section */

/* Begin PBXTargetDependency section */
		B5B210B72B80A3CE00D2F984 /* PBXTargetDependency */ = {
			isa = PBXTargetDependency;
			target = B5931AD72B7E62B400A3FD15 /* RickAndMorty_Explorer */;
			targetProxy = B5B210B62B80A3CE00D2F984 /* PBXContainerItemProxy */;
		};
/* End PBXTargetDependency section */

/* Begin XCBuildConfiguration section */
		B5931AE42B7E62B700A3FD15 /* Debug */ = {
			isa = XCBuildConfiguration;
			buildSettings = {
				ALWAYS_SEARCH_USER_PATHS = NO;
				ASSETCATALOG_COMPILER_GENERATE_SWIFT_ASSET_SYMBOL_EXTENSIONS = YES;
				CLANG_ANALYZER_NONNULL = YES;
				CLANG_ANALYZER_NUMBER_OBJECT_CONVERSION = YES_AGGRESSIVE;
				CLANG_CXX_LANGUAGE_STANDARD = "gnu++20";
				CLANG_ENABLE_MODULES = YES;
				CLANG_ENABLE_OBJC_ARC = YES;
				CLANG_ENABLE_OBJC_WEAK = YES;
				CLANG_WARN_BLOCK_CAPTURE_AUTORELEASING = YES;
				CLANG_WARN_BOOL_CONVERSION = YES;
				CLANG_WARN_COMMA = YES;
				CLANG_WARN_CONSTANT_CONVERSION = YES;
				CLANG_WARN_DEPRECATED_OBJC_IMPLEMENTATIONS = YES;
				CLANG_WARN_DIRECT_OBJC_ISA_USAGE = YES_ERROR;
				CLANG_WARN_DOCUMENTATION_COMMENTS = YES;
				CLANG_WARN_EMPTY_BODY = YES;
				CLANG_WARN_ENUM_CONVERSION = YES;
				CLANG_WARN_INFINITE_RECURSION = YES;
				CLANG_WARN_INT_CONVERSION = YES;
				CLANG_WARN_NON_LITERAL_NULL_CONVERSION = YES;
				CLANG_WARN_OBJC_IMPLICIT_RETAIN_SELF = YES;
				CLANG_WARN_OBJC_LITERAL_CONVERSION = YES;
				CLANG_WARN_OBJC_ROOT_CLASS = YES_ERROR;
				CLANG_WARN_QUOTED_INCLUDE_IN_FRAMEWORK_HEADER = YES;
				CLANG_WARN_RANGE_LOOP_ANALYSIS = YES;
				CLANG_WARN_STRICT_PROTOTYPES = YES;
				CLANG_WARN_SUSPICIOUS_MOVE = YES;
				CLANG_WARN_UNGUARDED_AVAILABILITY = YES_AGGRESSIVE;
				CLANG_WARN_UNREACHABLE_CODE = YES;
				CLANG_WARN__DUPLICATE_METHOD_MATCH = YES;
				COPY_PHASE_STRIP = NO;
				DEBUG_INFORMATION_FORMAT = dwarf;
				ENABLE_STRICT_OBJC_MSGSEND = YES;
				ENABLE_TESTABILITY = YES;
				ENABLE_USER_SCRIPT_SANDBOXING = YES;
				GCC_C_LANGUAGE_STANDARD = gnu17;
				GCC_DYNAMIC_NO_PIC = NO;
				GCC_NO_COMMON_BLOCKS = YES;
				GCC_OPTIMIZATION_LEVEL = 0;
				GCC_PREPROCESSOR_DEFINITIONS = (
					"DEBUG=1",
					"$(inherited)",
				);
				GCC_WARN_64_TO_32_BIT_CONVERSION = YES;
				GCC_WARN_ABOUT_RETURN_TYPE = YES_ERROR;
				GCC_WARN_UNDECLARED_SELECTOR = YES;
				GCC_WARN_UNINITIALIZED_AUTOS = YES_AGGRESSIVE;
				GCC_WARN_UNUSED_FUNCTION = YES;
				GCC_WARN_UNUSED_VARIABLE = YES;
				IPHONEOS_DEPLOYMENT_TARGET = 17.2;
				LOCALIZATION_PREFERS_STRING_CATALOGS = YES;
				MTL_ENABLE_DEBUG_INFO = INCLUDE_SOURCE;
				MTL_FAST_MATH = YES;
				ONLY_ACTIVE_ARCH = YES;
				SDKROOT = iphoneos;
				SWIFT_ACTIVE_COMPILATION_CONDITIONS = "DEBUG $(inherited)";
				SWIFT_OPTIMIZATION_LEVEL = "-Onone";
			};
			name = Debug;
		};
		B5931AE52B7E62B700A3FD15 /* Release */ = {
			isa = XCBuildConfiguration;
			buildSettings = {
				ALWAYS_SEARCH_USER_PATHS = NO;
				ASSETCATALOG_COMPILER_GENERATE_SWIFT_ASSET_SYMBOL_EXTENSIONS = YES;
				CLANG_ANALYZER_NONNULL = YES;
				CLANG_ANALYZER_NUMBER_OBJECT_CONVERSION = YES_AGGRESSIVE;
				CLANG_CXX_LANGUAGE_STANDARD = "gnu++20";
				CLANG_ENABLE_MODULES = YES;
				CLANG_ENABLE_OBJC_ARC = YES;
				CLANG_ENABLE_OBJC_WEAK = YES;
				CLANG_WARN_BLOCK_CAPTURE_AUTORELEASING = YES;
				CLANG_WARN_BOOL_CONVERSION = YES;
				CLANG_WARN_COMMA = YES;
				CLANG_WARN_CONSTANT_CONVERSION = YES;
				CLANG_WARN_DEPRECATED_OBJC_IMPLEMENTATIONS = YES;
				CLANG_WARN_DIRECT_OBJC_ISA_USAGE = YES_ERROR;
				CLANG_WARN_DOCUMENTATION_COMMENTS = YES;
				CLANG_WARN_EMPTY_BODY = YES;
				CLANG_WARN_ENUM_CONVERSION = YES;
				CLANG_WARN_INFINITE_RECURSION = YES;
				CLANG_WARN_INT_CONVERSION = YES;
				CLANG_WARN_NON_LITERAL_NULL_CONVERSION = YES;
				CLANG_WARN_OBJC_IMPLICIT_RETAIN_SELF = YES;
				CLANG_WARN_OBJC_LITERAL_CONVERSION = YES;
				CLANG_WARN_OBJC_ROOT_CLASS = YES_ERROR;
				CLANG_WARN_QUOTED_INCLUDE_IN_FRAMEWORK_HEADER = YES;
				CLANG_WARN_RANGE_LOOP_ANALYSIS = YES;
				CLANG_WARN_STRICT_PROTOTYPES = YES;
				CLANG_WARN_SUSPICIOUS_MOVE = YES;
				CLANG_WARN_UNGUARDED_AVAILABILITY = YES_AGGRESSIVE;
				CLANG_WARN_UNREACHABLE_CODE = YES;
				CLANG_WARN__DUPLICATE_METHOD_MATCH = YES;
				COPY_PHASE_STRIP = NO;
				DEBUG_INFORMATION_FORMAT = "dwarf-with-dsym";
				ENABLE_NS_ASSERTIONS = NO;
				ENABLE_STRICT_OBJC_MSGSEND = YES;
				ENABLE_USER_SCRIPT_SANDBOXING = YES;
				GCC_C_LANGUAGE_STANDARD = gnu17;
				GCC_NO_COMMON_BLOCKS = YES;
				GCC_WARN_64_TO_32_BIT_CONVERSION = YES;
				GCC_WARN_ABOUT_RETURN_TYPE = YES_ERROR;
				GCC_WARN_UNDECLARED_SELECTOR = YES;
				GCC_WARN_UNINITIALIZED_AUTOS = YES_AGGRESSIVE;
				GCC_WARN_UNUSED_FUNCTION = YES;
				GCC_WARN_UNUSED_VARIABLE = YES;
				IPHONEOS_DEPLOYMENT_TARGET = 17.2;
				LOCALIZATION_PREFERS_STRING_CATALOGS = YES;
				MTL_ENABLE_DEBUG_INFO = NO;
				MTL_FAST_MATH = YES;
				SDKROOT = iphoneos;
				SWIFT_COMPILATION_MODE = wholemodule;
				VALIDATE_PRODUCT = YES;
			};
			name = Release;
		};
		B5931AE72B7E62B700A3FD15 /* Debug */ = {
			isa = XCBuildConfiguration;
			buildSettings = {
				ASSETCATALOG_COMPILER_APPICON_NAME = AppIcon;
				ASSETCATALOG_COMPILER_GLOBAL_ACCENT_COLOR_NAME = AccentColor;
				CODE_SIGN_STYLE = Automatic;
				CURRENT_PROJECT_VERSION = 1;
				DEVELOPMENT_ASSET_PATHS = "\"RickAndMorty_Explorer/Preview Content\"";
				DEVELOPMENT_TEAM = F43F5V3HNZ;
				ENABLE_PREVIEWS = YES;
				GENERATE_INFOPLIST_FILE = YES;
				INFOPLIST_KEY_UIApplicationSceneManifest_Generation = YES;
				INFOPLIST_KEY_UIApplicationSupportsIndirectInputEvents = YES;
				INFOPLIST_KEY_UILaunchScreen_Generation = YES;
				INFOPLIST_KEY_UISupportedInterfaceOrientations_iPad = "UIInterfaceOrientationPortrait UIInterfaceOrientationPortraitUpsideDown UIInterfaceOrientationLandscapeLeft UIInterfaceOrientationLandscapeRight";
				INFOPLIST_KEY_UISupportedInterfaceOrientations_iPhone = "UIInterfaceOrientationPortrait UIInterfaceOrientationLandscapeLeft UIInterfaceOrientationLandscapeRight";
				IPHONEOS_DEPLOYMENT_TARGET = 15.0;
				LD_RUNPATH_SEARCH_PATHS = (
					"$(inherited)",
					"@executable_path/Frameworks",
				);
				MARKETING_VERSION = 1.0;
				PRODUCT_BUNDLE_IDENTIFIER = "com.bashubb.RickAndMorty-Explorer";
				PRODUCT_NAME = "$(TARGET_NAME)";
				SWIFT_EMIT_LOC_STRINGS = YES;
				SWIFT_VERSION = 5.0;
				TARGETED_DEVICE_FAMILY = "1,2";
			};
			name = Debug;
		};
		B5931AE82B7E62B700A3FD15 /* Release */ = {
			isa = XCBuildConfiguration;
			buildSettings = {
				ASSETCATALOG_COMPILER_APPICON_NAME = AppIcon;
				ASSETCATALOG_COMPILER_GLOBAL_ACCENT_COLOR_NAME = AccentColor;
				CODE_SIGN_STYLE = Automatic;
				CURRENT_PROJECT_VERSION = 1;
				DEVELOPMENT_ASSET_PATHS = "\"RickAndMorty_Explorer/Preview Content\"";
				DEVELOPMENT_TEAM = F43F5V3HNZ;
				ENABLE_PREVIEWS = YES;
				GENERATE_INFOPLIST_FILE = YES;
				INFOPLIST_KEY_UIApplicationSceneManifest_Generation = YES;
				INFOPLIST_KEY_UIApplicationSupportsIndirectInputEvents = YES;
				INFOPLIST_KEY_UILaunchScreen_Generation = YES;
				INFOPLIST_KEY_UISupportedInterfaceOrientations_iPad = "UIInterfaceOrientationPortrait UIInterfaceOrientationPortraitUpsideDown UIInterfaceOrientationLandscapeLeft UIInterfaceOrientationLandscapeRight";
				INFOPLIST_KEY_UISupportedInterfaceOrientations_iPhone = "UIInterfaceOrientationPortrait UIInterfaceOrientationLandscapeLeft UIInterfaceOrientationLandscapeRight";
				IPHONEOS_DEPLOYMENT_TARGET = 15.0;
				LD_RUNPATH_SEARCH_PATHS = (
					"$(inherited)",
					"@executable_path/Frameworks",
				);
				MARKETING_VERSION = 1.0;
				PRODUCT_BUNDLE_IDENTIFIER = "com.bashubb.RickAndMorty-Explorer";
				PRODUCT_NAME = "$(TARGET_NAME)";
				SWIFT_EMIT_LOC_STRINGS = YES;
				SWIFT_VERSION = 5.0;
				TARGETED_DEVICE_FAMILY = "1,2";
			};
			name = Release;
		};
		B5B210B92B80A3CE00D2F984 /* Debug */ = {
			isa = XCBuildConfiguration;
			buildSettings = {
				BUNDLE_LOADER = "$(TEST_HOST)";
				CODE_SIGN_STYLE = Automatic;
				CURRENT_PROJECT_VERSION = 1;
				DEVELOPMENT_TEAM = F43F5V3HNZ;
				GENERATE_INFOPLIST_FILE = YES;
				MARKETING_VERSION = 1.0;
				PRODUCT_BUNDLE_IDENTIFIER = "com.bashubb.RickAndMorty-ExplorerTests";
				PRODUCT_NAME = "$(TARGET_NAME)";
				SWIFT_EMIT_LOC_STRINGS = NO;
				SWIFT_VERSION = 5.0;
				TARGETED_DEVICE_FAMILY = "1,2";
				TEST_HOST = "$(BUILT_PRODUCTS_DIR)/RickAndMorty_Explorer.app/$(BUNDLE_EXECUTABLE_FOLDER_PATH)/RickAndMorty_Explorer";
			};
			name = Debug;
		};
		B5B210BA2B80A3CE00D2F984 /* Release */ = {
			isa = XCBuildConfiguration;
			buildSettings = {
				BUNDLE_LOADER = "$(TEST_HOST)";
				CODE_SIGN_STYLE = Automatic;
				CURRENT_PROJECT_VERSION = 1;
				DEVELOPMENT_TEAM = F43F5V3HNZ;
				GENERATE_INFOPLIST_FILE = YES;
				MARKETING_VERSION = 1.0;
				PRODUCT_BUNDLE_IDENTIFIER = "com.bashubb.RickAndMorty-ExplorerTests";
				PRODUCT_NAME = "$(TARGET_NAME)";
				SWIFT_EMIT_LOC_STRINGS = NO;
				SWIFT_VERSION = 5.0;
				TARGETED_DEVICE_FAMILY = "1,2";
				TEST_HOST = "$(BUILT_PRODUCTS_DIR)/RickAndMorty_Explorer.app/$(BUNDLE_EXECUTABLE_FOLDER_PATH)/RickAndMorty_Explorer";
			};
			name = Release;
		};
/* End XCBuildConfiguration section */

/* Begin XCConfigurationList section */
		B5931AD32B7E62B400A3FD15 /* Build configuration list for PBXProject "RickAndMorty_Explorer" */ = {
			isa = XCConfigurationList;
			buildConfigurations = (
				B5931AE42B7E62B700A3FD15 /* Debug */,
				B5931AE52B7E62B700A3FD15 /* Release */,
			);
			defaultConfigurationIsVisible = 0;
			defaultConfigurationName = Release;
		};
		B5931AE62B7E62B700A3FD15 /* Build configuration list for PBXNativeTarget "RickAndMorty_Explorer" */ = {
			isa = XCConfigurationList;
			buildConfigurations = (
				B5931AE72B7E62B700A3FD15 /* Debug */,
				B5931AE82B7E62B700A3FD15 /* Release */,
			);
			defaultConfigurationIsVisible = 0;
			defaultConfigurationName = Release;
		};
		B5B210B82B80A3CE00D2F984 /* Build configuration list for PBXNativeTarget "RickAndMorty_ExplorerTests" */ = {
			isa = XCConfigurationList;
			buildConfigurations = (
				B5B210B92B80A3CE00D2F984 /* Debug */,
				B5B210BA2B80A3CE00D2F984 /* Release */,
			);
			defaultConfigurationIsVisible = 0;
			defaultConfigurationName = Release;
		};
/* End XCConfigurationList section */
	};
	rootObject = B5931AD02B7E62B400A3FD15 /* Project object */;
}
